{
  "version": 1,
  "dependencies": {
    ".NETFramework,Version=v4.7.2": {
      "Microsoft.NETFramework.ReferenceAssemblies": {
        "type": "Direct",
        "requested": "[1.0.3, )",
        "resolved": "1.0.3",
        "contentHash": "vUc9Npcs14QsyOD01tnv/m8sQUnGTGOw1BCmKcv77LBJY7OxhJ+zJF7UD/sCL3lYNFuqmQEVlkfS4Quif6FyYg==",
        "dependencies": {
          "Microsoft.NETFramework.ReferenceAssemblies.net472": "1.0.3"
        }
      },
      "Microsoft.VSSDK.BuildTools": {
        "type": "Direct",
        "requested": "[17.14.2142, )",
        "resolved": "17.14.2142",
        "contentHash": "iF5b5Nu0/h72U5WLujhuJ8SFxNyM5ua7gPeeNdYuhZwv2G4Mr1YyOgXF8ymhLfyq/iJtUvkZPA/pTYilvxN6RA==",
        "dependencies": {
          "Microsoft.VisualStudio.SDK.Analyzers": "17.7.79",
          "Microsoft.VsSDK.CompatibilityAnalyzer": "17.14.2142"
        }
      },
      "Microsoft.NETFramework.ReferenceAssemblies.net472": {
        "type": "Transitive",
        "resolved": "1.0.3",
        "contentHash": "0E7evZXHXaDYYiLRfpyXvCh+yzM2rNTyuZDI+ZO7UUqSc6GfjePiXTdqJGtgIKUwdI81tzQKmaWprnUiPj9hAw=="
      },
      "Microsoft.VisualStudio.SDK.Analyzers": {
        "type": "Transitive",
        "resolved": "17.7.79",
        "contentHash": "oJ3C9D1KQCksM0D0MTYrjYkz1vGK7WMBJkdplqse8rpIoxOV4cFj2rntPq+TNEkwY95BkjNm53gIdYV9jm1U0w=="
      },
      "Microsoft.VsSDK.CompatibilityAnalyzer": {
        "type": "Transitive",
        "resolved": "17.14.2142",
        "contentHash": "t7lqlLlMLXG0SpM+b4t6Ou7E3KD7SEZQnKOBytaixSBLr+p6BRrdWNXXIQP49UjMJwpMMA0rdkSpZjkF8RfY5Q=="
      }
    },
    ".NETFramework,Version=v4.7.2/win": {},
    ".NETFramework,Version=v4.7.2/win-arm64": {},
    ".NETFramework,Version=v4.7.2/win-x64": {},
    ".NETFramework,Version=v4.7.2/win-x86": {}
  }
}